
Microsoft Visual Studio Solution File, Format Version 12.00
# Visual Studio 15
Project("{FAE04EC0-301F-11D3-BF4B-00C04F79EFBC}") = "Assembly-CSharp", "Assembly-CSharp.csproj", "{9F495ADF-FA79-CEFC-C831-9B2E3AEC4807}"
EndProject
Project("{FAE04EC0-301F-11D3-BF4B-00C04F79EFBC}") = "VuforiaScripts", "VuforiaScripts.csproj", "{D3B939F2-C6CA-4C91-74B4-E920FCA4F304}"
EndProject
Project("{FAE04EC0-301F-11D3-BF4B-00C04F79EFBC}") = "VuforiaEditorScripts", "VuforiaEditorScripts.csproj", "{4F196C7A-2B37-48FA-CEF7-AFFCA57D0A07}"
EndProject
Global
	GlobalSection(SolutionConfigurationPlatforms) = preSolution
		Debug|Any CPU = Debug|Any CPU
		Release|Any CPU = Release|Any CPU
	EndGlobalSection
	GlobalSection(ProjectConfigurationPlatforms) = postSolution
		{9F495ADF-FA79-CEFC-C831-9B2E3AEC4807}.Debug|Any CPU.ActiveCfg = Debug|Any CPU
		{9F495ADF-FA79-CEFC-C831-9B2E3AEC4807}.Debug|Any CPU.Build.0 = Debug|Any CPU
		{9F495ADF-FA79-CEFC-C831-9B2E3AEC4807}.Release|Any CPU.ActiveCfg = Release|Any CPU
		{9F495ADF-FA79-CEFC-C831-9B2E3AEC4807}.Release|Any CPU.Build.0 = Release|Any CPU
		{D3B939F2-C6CA-4C91-74B4-E920FCA4F304}.Debug|Any CPU.ActiveCfg = Debug|Any CPU
		{D3B939F2-C6CA-4C91-74B4-E920FCA4F304}.Debug|Any CPU.Build.0 = Debug|Any CPU
		{D3B939F2-C6CA-4C91-74B4-E920FCA4F304}.Release|Any CPU.ActiveCfg = Release|Any CPU
		{D3B939F2-C6CA-4C91-74B4-E920FCA4F304}.Release|Any CPU.Build.0 = Release|Any CPU
		{4F196C7A-2B37-48FA-CEF7-AFFCA57D0A07}.Debug|Any CPU.ActiveCfg = Debug|Any CPU
		{4F196C7A-2B37-48FA-CEF7-AFFCA57D0A07}.Debug|Any CPU.Build.0 = Debug|Any CPU
		{4F196C7A-2B37-48FA-CEF7-AFFCA57D0A07}.Release|Any CPU.ActiveCfg = Release|Any CPU
		{4F196C7A-2B37-48FA-CEF7-AFFCA57D0A07}.Release|Any CPU.Build.0 = Release|Any CPU
	EndGlobalSection
	GlobalSection(SolutionProperties) = preSolution
		HideSolutionNode = FALSE
	EndGlobalSection
EndGlobal
